<?xml version="1.0" encoding="utf-8"?>
<Project ToolsVersion="4.0" xmlns="http://schemas.microsoft.com/developer/msbuild/2003">
  <ItemGroup>
    <ClCompile Include="$(MSBuildThisFileDirectory)pch.cpp" />
    <ClCompile Include="$(MSBuildThisFileDirectory)DefaultHash.cpp">
      <Filter>Containers</Filter>
    </ClCompile>
    <ClCompile Include="$(MSBuildThisFileDirectory)Datum.cpp">
      <Filter>Containers</Filter>
    </ClCompile>
    <ClCompile Include="$(MSBuildThisFileDirectory)Scope.cpp">
      <Filter>Containers</Filter>
    </ClCompile>
    <ClCompile Include="$(MSBuildThisFileDirectory)TypeManager.cpp" />
    <ClCompile Include="$(MSBuildThisFileDirectory)Attributed.cpp">
      <Filter>Containers</Filter>
    </ClCompile>
    <ClCompile Include="$(MSBuildThisFileDirectory)JsonParseMaster.cpp">
      <Filter>Parsers</Filter>
    </ClCompile>
    <ClCompile Include="$(MSBuildThisFileDirectory)JsonTableParseHelper.cpp">
      <Filter>Parsers</Filter>
    </ClCompile>
    <ClCompile Include="$(MSBuildThisFileDirectory)IJsonParseHelper.cpp">
      <Filter>Parsers</Filter>
    </ClCompile>
    <ClCompile Include="$(MSBuildThisFileDirectory)Entity.cpp">
      <Filter>Universe</Filter>
    </ClCompile>
    <ClCompile Include="$(MSBuildThisFileDirectory)WorldState.cpp">
      <Filter>Universe</Filter>
    </ClCompile>
    <ClCompile Include="$(MSBuildThisFileDirectory)Sector.cpp">
      <Filter>Universe</Filter>
    </ClCompile>
    <ClCompile Include="$(MSBuildThisFileDirectory)GameClock.cpp" />
    <ClCompile Include="$(MSBuildThisFileDirectory)GameTime.cpp" />
    <ClCompile Include="$(MSBuildThisFileDirectory)Action.cpp">
      <Filter>Universe</Filter>
    </ClCompile>
    <ClCompile Include="$(MSBuildThisFileDirectory)World.cpp">
      <Filter>Universe</Filter>
    </ClCompile>
    <ClCompile Include="$(MSBuildThisFileDirectory)ActionIncrement.cpp">
      <Filter>Actions</Filter>
    </ClCompile>
    <ClCompile Include="$(MSBuildThisFileDirectory)ActionList.cpp">
      <Filter>Actions</Filter>
    </ClCompile>
    <ClCompile Include="$(MSBuildThisFileDirectory)ActionCreateAction.cpp">
      <Filter>Actions</Filter>
    </ClCompile>
    <ClCompile Include="$(MSBuildThisFileDirectory)ActionDestroyAction.cpp">
      <Filter>Actions</Filter>
    </ClCompile>
    <ClCompile Include="$(MSBuildThisFileDirectory)ActionListWhile.cpp">
      <Filter>Actions</Filter>
    </ClCompile>
    <ClCompile Include="$(MSBuildThisFileDirectory)EventPublisher.cpp">
      <Filter>Events</Filter>
    </ClCompile>
    <ClCompile Include="$(MSBuildThisFileDirectory)EventQueue.cpp">
      <Filter>Events</Filter>
    </ClCompile>
    <ClCompile Include="$(MSBuildThisFileDirectory)Reaction.cpp">
      <Filter>Universe</Filter>
    </ClCompile>
    <ClCompile Include="$(MSBuildThisFileDirectory)ReactionAttributed.cpp">
      <Filter>Reactions</Filter>
    </ClCompile>
    <ClCompile Include="$(MSBuildThisFileDirectory)EventMessageAttributed.cpp">
      <Filter>Events</Filter>
    </ClCompile>
    <ClCompile Include="$(MSBuildThisFileDirectory)ActionEvent.cpp">
      <Filter>Actions</Filter>
    </ClCompile>
  </ItemGroup>
  <ItemGroup>
    <ClInclude Include="$(MSBuildThisFileDirectory)pch.h" />
    <ClInclude Include="$(MSBuildThisFileDirectory)DefaultEquality.h">
      <Filter>Containers</Filter>
    </ClInclude>
    <ClInclude Include="$(MSBuildThisFileDirectory)DefaultHash.h">
      <Filter>Containers</Filter>
    </ClInclude>
    <ClInclude Include="$(MSBuildThisFileDirectory)HashMap.h">
      <Filter>Containers</Filter>
    </ClInclude>
    <ClInclude Include="$(MSBuildThisFileDirectory)SList.h">
      <Filter>Containers</Filter>
    </ClInclude>
    <ClInclude Include="$(MSBuildThisFileDirectory)Vector.h">
      <Filter>Containers</Filter>
    </ClInclude>
    <ClInclude Include="$(MSBuildThisFileDirectory)RTTI.h" />
    <ClInclude Include="$(MSBuildThisFileDirectory)Datum.h">
      <Filter>Containers</Filter>
    </ClInclude>
    <ClInclude Include="$(MSBuildThisFileDirectory)Scope.h">
      <Filter>Containers</Filter>
    </ClInclude>
    <ClInclude Include="$(MSBuildThisFileDirectory)TypeManager.h" />
    <ClInclude Include="$(MSBuildThisFileDirectory)Attributed.h">
      <Filter>Containers</Filter>
    </ClInclude>
    <ClInclude Include="$(MSBuildThisFileDirectory)IJsonParseHelper.h">
      <Filter>Parsers</Filter>
    </ClInclude>
    <ClInclude Include="$(MSBuildThisFileDirectory)JsonParseMaster.h">
      <Filter>Parsers</Filter>
    </ClInclude>
    <ClInclude Include="$(MSBuildThisFileDirectory)JsonTableParseHelper.h">
      <Filter>Parsers</Filter>
    </ClInclude>
    <ClInclude Include="$(MSBuildThisFileDirectory)Stack.h">
      <Filter>Containers</Filter>
    </ClInclude>
    <ClInclude Include="$(MSBuildThisFileDirectory)Factory.h" />
    <ClInclude Include="$(MSBuildThisFileDirectory)Entity.h">
      <Filter>Universe</Filter>
    </ClInclude>
    <ClInclude Include="$(MSBuildThisFileDirectory)WorldState.h">
      <Filter>Universe</Filter>
    </ClInclude>
    <ClInclude Include="$(MSBuildThisFileDirectory)Sector.h">
      <Filter>Universe</Filter>
    </ClInclude>
    <ClInclude Include="$(MSBuildThisFileDirectory)GameClock.h" />
    <ClInclude Include="$(MSBuildThisFileDirectory)GameTime.h" />
    <ClInclude Include="$(MSBuildThisFileDirectory)Action.h">
      <Filter>Universe</Filter>
    </ClInclude>
    <ClInclude Include="$(MSBuildThisFileDirectory)World.h">
      <Filter>Universe</Filter>
    </ClInclude>
    <ClInclude Include="$(MSBuildThisFileDirectory)ActionIncrement.h">
      <Filter>Actions</Filter>
    </ClInclude>
    <ClInclude Include="$(MSBuildThisFileDirectory)ActionList.h">
      <Filter>Actions</Filter>
    </ClInclude>
    <ClInclude Include="$(MSBuildThisFileDirectory)ActionCreateAction.h">
      <Filter>Actions</Filter>
    </ClInclude>
    <ClInclude Include="$(MSBuildThisFileDirectory)ActionDestroyAction.h">
      <Filter>Actions</Filter>
    </ClInclude>
    <ClInclude Include="$(MSBuildThisFileDirectory)ActionListWhile.h">
      <Filter>Actions</Filter>
    </ClInclude>
    <ClInclude Include="$(MSBuildThisFileDirectory)EventPublisher.h">
      <Filter>Events</Filter>
    </ClInclude>
    <ClInclude Include="$(MSBuildThisFileDirectory)EventSubscriber.h">
      <Filter>Events</Filter>
    </ClInclude>
    <ClInclude Include="$(MSBuildThisFileDirectory)Event.h">
      <Filter>Events</Filter>
    </ClInclude>
    <ClInclude Include="$(MSBuildThisFileDirectory)EventQueue.h">
      <Filter>Events</Filter>
    </ClInclude>
    <ClInclude Include="$(MSBuildThisFileDirectory)Reaction.h">
      <Filter>Universe</Filter>
    </ClInclude>
    <ClInclude Include="$(MSBuildThisFileDirectory)ReactionAttributed.h">
      <Filter>Reactions</Filter>
    </ClInclude>
    <ClInclude Include="$(MSBuildThisFileDirectory)EventMessageAttributed.h">
      <Filter>Events</Filter>
    </ClInclude>
    <ClInclude Include="$(MSBuildThisFileDirectory)ActionEvent.h">
      <Filter>Actions</Filter>
    </ClInclude>
  </ItemGroup>
  <ItemGroup>
    <None Include="$(MSBuildThisFileDirectory)DefaultHash.inl">
      <Filter>Containers</Filter>
    </None>
    <None Include="$(MSBuildThisFileDirectory)HashMap.inl">
      <Filter>Containers</Filter>
    </None>
    <None Include="$(MSBuildThisFileDirectory)SList.inl">
      <Filter>Containers</Filter>
    </None>
    <None Include="$(MSBuildThisFileDirectory)Vector.inl">
      <Filter>Containers</Filter>
    </None>
    <None Include="$(MSBuildThisFileDirectory)Datum.inl">
      <Filter>Containers</Filter>
    </None>
    <None Include="$(MSBuildThisFileDirectory)Stack.inl">
      <Filter>Containers</Filter>
    </None>
    <None Include="$(MSBuildThisFileDirectory)Factory.inl" />
    <None Include="$(MSBuildThisFileDirectory)Event.inl">
      <Filter>Events</Filter>
    </None>
  </ItemGroup>
  <ItemGroup>
    <Filter Include="Containers">
      <UniqueIdentifier>{053b7064-fc22-44cc-97c0-33932ac6b485}</UniqueIdentifier>
    </Filter>
    <Filter Include="Parsers">
      <UniqueIdentifier>{abfe4da2-881d-43f4-90c2-a391d3d9014f}</UniqueIdentifier>
    </Filter>
    <Filter Include="Universe">
      <UniqueIdentifier>{9c949da9-7c93-4f05-bf01-b5cf41b399f7}</UniqueIdentifier>
    </Filter>
    <Filter Include="Actions">
      <UniqueIdentifier>{896daccc-df49-4c82-ac48-487667c1c00e}</UniqueIdentifier>
    </Filter>
    <Filter Include="Events">
      <UniqueIdentifier>{451538d3-6cca-4dab-8f60-23d2efe02c7a}</UniqueIdentifier>
    </Filter>
    <Filter Include="Reactions">
      <UniqueIdentifier>{cd745479-a687-49a2-82db-b6598c1d3ac7}</UniqueIdentifier>
    </Filter>
  </ItemGroup>
</Project>